// !$*UTF8*$!
{
	archiveVersion = 1;
	classes = {
	};
	objectVersion = 50;
	objects = {

/* Begin PBXBuildFile section */
		D46ED8D426BB61270087285F /* AppDelegate.swift in Sources */ = {isa = PBXBuildFile; fileRef = D46ED8D326BB61270087285F /* AppDelegate.swift */; };
		D46ED8D626BB61270087285F /* SceneDelegate.swift in Sources */ = {isa = PBXBuildFile; fileRef = D46ED8D526BB61270087285F /* SceneDelegate.swift */; };
		D46ED8DB26BB61270087285F /* Main.storyboard in Resources */ = {isa = PBXBuildFile; fileRef = D46ED8D926BB61270087285F /* Main.storyboard */; };
		D46ED8DD26BB61320087285F /* Assets.xcassets in Resources */ = {isa = PBXBuildFile; fileRef = D46ED8DC26BB61320087285F /* Assets.xcassets */; };
		D46ED8E026BB61320087285F /* LaunchScreen.storyboard in Resources */ = {isa = PBXBuildFile; fileRef = D46ED8DE26BB61320087285F /* LaunchScreen.storyboard */; };
		D46ED8EB26BB61330087285F /* PreworkTests.swift in Sources */ = {isa = PBXBuildFile; fileRef = D46ED8EA26BB61330087285F /* PreworkTests.swift */; };
		D46ED8F626BB61330087285F /* PreworkUITests.swift in Sources */ = {isa = PBXBuildFile; fileRef = D46ED8F526BB61330087285F /* PreworkUITests.swift */; };
		D48BB9ED26BCCD3E007F7F50 /* ViewController.swift in Sources */ = {isa = PBXBuildFile; fileRef = D46ED8D726BB61270087285F /* ViewController.swift */; };
/* End PBXBuildFile section */

/* Begin PBXContainerItemProxy section */
		D46ED8E726BB61330087285F /* PBXContainerItemProxy */ = {
			isa = PBXContainerItemProxy;
			containerPortal = D46ED8C826BB61260087285F /* Project object */;
			proxyType = 1;
			remoteGlobalIDString = D46ED8CF26BB61270087285F;
			remoteInfo = Prework;
		};
		D46ED8F226BB61330087285F /* PBXContainerItemProxy */ = {
			isa = PBXContainerItemProxy;
			containerPortal = D46ED8C826BB61260087285F /* Project object */;
			proxyType = 1;
			remoteGlobalIDString = D46ED8CF26BB61270087285F;
			remoteInfo = Prework;
		};
/* End PBXContainerItemProxy section */

/* Begin PBXFileReference section */
		D46ED8D026BB61270087285F /* Prework.app */ = {isa = PBXFileReference; explicitFileType = wrapper.application; includeInIndex = 0; path = Prework.app; sourceTree = BUILT_PRODUCTS_DIR; };
		D46ED8D326BB61270087285F /* AppDelegate.swift */ = {isa = PBXFileReference; lastKnownFileType = sourcecode.swift; path = AppDelegate.swift; sourceTree = "<group>"; };
		D46ED8D526BB61270087285F /* SceneDelegate.swift */ = {isa = PBXFileReference; lastKnownFileType = sourcecode.swift; path = SceneDelegate.swift; sourceTree = "<group>"; };
		D46ED8D726BB61270087285F /* ViewController.swift */ = {isa = PBXFileReference; lastKnownFileType = sourcecode.swift; path = ViewController.swift; sourceTree = "<group>"; };
		D46ED8DA26BB61270087285F /* Base */ = {isa = PBXFileReference; lastKnownFileType = file.storyboard; name = Base; path = Base.lproj/Main.storyboard; sourceTree = "<group>"; };
		D46ED8DC26BB61320087285F /* Assets.xcassets */ = {isa = PBXFileReference; lastKnownFileType = folder.assetcatalog; path = Assets.xcassets; sourceTree = "<group>"; };
		D46ED8DF26BB61320087285F /* Base */ = {isa = PBXFileReference; lastKnownFileType = file.storyboard; name = Base; path = Base.lproj/LaunchScreen.storyboard; sourceTree = "<group>"; };
		D46ED8E126BB61320087285F /* Info.plist */ = {isa = PBXFileReference; lastKnownFileType = text.plist.xml; path = Info.plist; sourceTree = "<group>"; };
		D46ED8E626BB61330087285F /* PreworkTests.xctest */ = {isa = PBXFileReference; explicitFileType = wrapper.cfbundle; includeInIndex = 0; path = PreworkTests.xctest; sourceTree = BUILT_PRODUCTS_DIR; };
		D46ED8EA26BB61330087285F /* PreworkTests.swift */ = {isa = PBXFileReference; lastKnownFileType = sourcecode.swift; path = PreworkTests.swift; sourceTree = "<group>"; };
		D46ED8EC26BB61330087285F /* Info.plist */ = {isa = PBXFileReference; lastKnownFileType = text.plist.xml; path = Info.plist; sourceTree = "<group>"; };
		D46ED8F126BB61330087285F /* PreworkUITests.xctest */ = {isa = PBXFileReference; explicitFileType = wrapper.cfbundle; includeInIndex = 0; path = PreworkUITests.xctest; sourceTree = BUILT_PRODUCTS_DIR; };
		D46ED8F526BB61330087285F /* PreworkUITests.swift */ = {isa = PBXFileReference; lastKnownFileType = sourcecode.swift; path = PreworkUITests.swift; sourceTree = "<group>"; };
		D46ED8F726BB61330087285F /* Info.plist */ = {isa = PBXFileReference; lastKnownFileType = text.plist.xml; path = Info.plist; sourceTree = "<group>"; };
/* End PBXFileReference section */

/* Begin PBXFrameworksBuildPhase section */
		D46ED8CD26BB61270087285F /* Frameworks */ = {
			isa = PBXFrameworksBuildPhase;
			buildActionMask = 2147483647;
			files = (
			);
			runOnlyForDeploymentPostprocessing = 0;
		};
		D46ED8E326BB61330087285F /* Frameworks */ = {
			isa = PBXFrameworksBuildPhase;
			buildActionMask = 2147483647;
			files = (
			);
			runOnlyForDeploymentPostprocessing = 0;
		};
		D46ED8EE26BB61330087285F /* Frameworks */ = {
			isa = PBXFrameworksBuildPhase;
			buildActionMask = 2147483647;
			files = (
			);
			runOnlyForDeploymentPostprocessing = 0;
		};
/* End PBXFrameworksBuildPhase section */

/* Begin PBXGroup section */
		D46ED8C726BB61260087285F = {
			isa = PBXGroup;
			children = (
				D46ED8D226BB61270087285F /* Prework */,
				D46ED8E926BB61330087285F /* PreworkTests */,
				D46ED8F426BB61330087285F /* PreworkUITests */,
				D46ED8D126BB61270087285F /* Products */,
			);
			sourceTree = "<group>";
		};
		D46ED8D126BB61270087285F /* Products */ = {
			isa = PBXGroup;
			children = (
				D46ED8D026BB61270087285F /* Prework.app */,
				D46ED8E626BB61330087285F /* PreworkTests.xctest */,
				D46ED8F126BB61330087285F /* PreworkUITests.xctest */,
			);
			name = Products;
			sourceTree = "<group>";
		};
		D46ED8D226BB61270087285F /* Prework */ = {
			isa = PBXGroup;
			children = (
				D46ED8D326BB61270087285F /* AppDelegate.swift */,
				D46ED8D526BB61270087285F /* SceneDelegate.swift */,
				D46ED8D726BB61270087285F /* ViewController.swift */,
				D46ED8D926BB61270087285F /* Main.storyboard */,
				D46ED8DC26BB61320087285F /* Assets.xcassets */,
				D46ED8DE26BB61320087285F /* LaunchScreen.storyboard */,
				D46ED8E126BB61320087285F /* Info.plist */,
			);
			path = Prework;
			sourceTree = "<group>";
		};
		D46ED8E926BB61330087285F /* PreworkTests */ = {
			isa = PBXGroup;
			children = (
				D46ED8EA26BB61330087285F /* PreworkTests.swift */,
				D46ED8EC26BB61330087285F /* Info.plist */,
			);
			path = PreworkTests;
			sourceTree = "<group>";
		};
		D46ED8F426BB61330087285F /* PreworkUITests */ = {
			isa = PBXGroup;
			children = (
				D46ED8F526BB61330087285F /* PreworkUITests.swift */,
				D46ED8F726BB61330087285F /* Info.plist */,
			);
			path = PreworkUITests;
			sourceTree = "<group>";
		};
/* End PBXGroup section */

/* Begin PBXNativeTarget section */
		D46ED8CF26BB61270087285F /* Prework */ = {
			isa = PBXNativeTarget;
			buildConfigurationList = D46ED8FA26BB61330087285F /* Build configuration list for PBXNativeTarget "Prework" */;
			buildPhases = (
				D46ED8CC26BB61270087285F /* Sources */,
				D46ED8CD26BB61270087285F /* Frameworks */,
				D46ED8CE26BB61270087285F /* Resources */,
			);
			buildRules = (
			);
			dependencies = (
			);
			name = Prework;
			productName = Prework;
			productReference = D46ED8D026BB61270087285F /* Prework.app */;
			productType = "com.apple.product-type.application";
		};
		D46ED8E526BB61330087285F /* PreworkTests */ = {
			isa = PBXNativeTarget;
			buildConfigurationList = D46ED8FD26BB61330087285F /* Build configuration list for PBXNativeTarget "PreworkTests" */;
			buildPhases = (
				D46ED8E226BB61330087285F /* Sources */,
				D46ED8E326BB61330087285F /* Frameworks */,
				D46ED8E426BB61330087285F /* Resources */,
			);
			buildRules = (
			);
			dependencies = (
				D46ED8E826BB61330087285F /* PBXTargetDependency */,
			);
			name = PreworkTests;
			productName = PreworkTests;
			productReference = D46ED8E626BB61330087285F /* PreworkTests.xctest */;
			productType = "com.apple.product-type.bundle.unit-test";
		};
		D46ED8F026BB61330087285F /* PreworkUITests */ = {
			isa = PBXNativeTarget;
			buildConfigurationList = D46ED90026BB61330087285F /* Build configuration list for PBXNativeTarget "PreworkUITests" */;
			buildPhases = (
				D46ED8ED26BB61330087285F /* Sources */,
				D46ED8EE26BB61330087285F /* Frameworks */,
				D46ED8EF26BB61330087285F /* Resources */,
			);
			buildRules = (
			);
			dependencies = (
				D46ED8F326BB61330087285F /* PBXTargetDependency */,
			);
			name = PreworkUITests;
			productName = PreworkUITests;
			productReference = D46ED8F126BB61330087285F /* PreworkUITests.xctest */;
			productType = "com.apple.product-type.bundle.ui-testing";
		};
/* End PBXNativeTarget section */

/* Begin PBXProject section */
		D46ED8C826BB61260087285F /* Project object */ = {
			isa = PBXProject;
			attributes = {
				LastSwiftUpdateCheck = 1250;
				LastUpgradeCheck = 1250;
				TargetAttributes = {
					D46ED8CF26BB61270087285F = {
						CreatedOnToolsVersion = 12.5.1;
					};
					D46ED8E526BB61330087285F = {
						CreatedOnToolsVersion = 12.5.1;
						TestTargetID = D46ED8CF26BB61270087285F;
					};
					D46ED8F026BB61330087285F = {
						CreatedOnToolsVersion = 12.5.1;
						TestTargetID = D46ED8CF26BB61270087285F;
					};
				};
			};
			buildConfigurationList = D46ED8CB26BB61260087285F /* Build configuration list for PBXProject "Prework" */;
			compatibilityVersion = "Xcode 9.3";
			developmentRegion = en;
			hasScannedForEncodings = 0;
			knownRegions = (
				en,
				Base,
			);
			mainGroup = D46ED8C726BB61260087285F;
			productRefGroup = D46ED8D126BB61270087285F /* Products */;
			projectDirPath = "";
			projectRoot = "";
			targets = (
				D46ED8CF26BB61270087285F /* Prework */,
				D46ED8E526BB61330087285F /* PreworkTests */,
				D46ED8F026BB61330087285F /* PreworkUITests */,
			);
		};
/* End PBXProject section */

/* Begin PBXResourcesBuildPhase section */
		D46ED8CE26BB61270087285F /* Resources */ = {
			isa = PBXResourcesBuildPhase;
			buildActionMask = 2147483647;
			files = (
				D46ED8E026BB61320087285F /* LaunchScreen.storyboard in Resources */,
				D46ED8DD26BB61320087285F /* Assets.xcassets in Resources */,
				D46ED8DB26BB61270087285F /* Main.storyboard in Resources */,
			);
			runOnlyForDeploymentPostprocessing = 0;
		};
		D46ED8E426BB61330087285F /* Resources */ = {
			isa = PBXResourcesBuildPhase;
			buildActionMask = 2147483647;
			files = (
			);
			runOnlyForDeploymentPostprocessing = 0;
		};
		D46ED8EF26BB61330087285F /* Resources */ = {
			isa = PBXResourcesBuildPhase;
			buildActionMask = 2147483647;
			files = (
			);
			runOnlyForDeploymentPostprocessing = 0;
		};
/* End PBXResourcesBuildPhase section */

/* Begin PBXSourcesBuildPhase section */
		D46ED8CC26BB61270087285F /* Sources */ = {
			isa = PBXSourcesBuildPhase;
			buildActionMask = 2147483647;
			files = (
				D48BB9ED26BCCD3E007F7F50 /* ViewController.swift in Sources */,
				D46ED8D426BB61270087285F /* AppDelegate.swift in Sources */,
				D46ED8D626BB61270087285F /* SceneDelegate.swift in Sources */,
			);
			runOnlyForDeploymentPostprocessing = 0;
		};
		D46ED8E226BB61330087285F /* Sources */ = {
			isa = PBXSourcesBuildPhase;
			buildActionMask = 2147483647;
			files = (
				D46ED8EB26BB61330087285F /* PreworkTests.swift in Sources */,
			);
			runOnlyForDeploymentPostprocessing = 0;
		};
		D46ED8ED26BB61330087285F /* Sources */ = {
			isa = PBXSourcesBuildPhase;
			buildActionMask = 2147483647;
			files = (
				D46ED8F626BB61330087285F /* PreworkUITests.swift in Sources */,
			);
			runOnlyForDeploymentPostprocessing = 0;
		};
/* End PBXSourcesBuildPhase section */

/* Begin PBXTargetDependency section */
		D46ED8E826BB61330087285F /* PBXTargetDependency */ = {
			isa = PBXTargetDependency;
			target = D46ED8CF26BB61270087285F /* Prework */;
			targetProxy = D46ED8E726BB61330087285F /* PBXContainerItemProxy */;
		};
		D46ED8F326BB61330087285F /* PBXTargetDependency */ = {
			isa = PBXTargetDependency;
			target = D46ED8CF26BB61270087285F /* Prework */;
			targetProxy = D46ED8F226BB61330087285F /* PBXContainerItemProxy */;
		};
/* End PBXTargetDependency section */

/* Begin PBXVariantGroup section */
		D46ED8D926BB61270087285F /* Main.storyboard */ = {
			isa = PBXVariantGroup;
			children = (
				D46ED8DA26BB61270087285F /* Base */,
			);
			name = Main.storyboard;
			sourceTree = "<group>";
		};
		D46ED8DE26BB61320087285F /* LaunchScreen.storyboard */ = {
			isa = PBXVariantGroup;
			children = (
				D46ED8DF26BB61320087285F /* Base */,
			);
			name = LaunchScreen.storyboard;
			sourceTree = "<group>";
		};
/* End PBXVariantGroup section */

/* Begin XCBuildConfiguration section */
		D46ED8F826BB61330087285F /* Debug */ = {
			isa = XCBuildConfiguration;
			buildSettings = {
				ALWAYS_SEARCH_USER_PATHS = NO;
				CLANG_ANALYZER_NONNULL = YES;
				CLANG_ANALYZER_NUMBER_OBJECT_CONVERSION = YES_AGGRESSIVE;
				CLANG_CXX_LANGUAGE_STANDARD = "gnu++14";
				CLANG_CXX_LIBRARY = "libc++";
				CLANG_ENABLE_MODULES = YES;
				CLANG_ENABLE_OBJC_ARC = YES;
				CLANG_ENABLE_OBJC_WEAK = YES;
				CLANG_WARN_BLOCK_CAPTURE_AUTORELEASING = YES;
				CLANG_WARN_BOOL_CONVERSION = YES;
				CLANG_WARN_COMMA = YES;
				CLANG_WARN_CONSTANT_CONVERSION = YES;
				CLANG_WARN_DEPRECATED_OBJC_IMPLEMENTATIONS = YES;
				CLANG_WARN_DIRECT_OBJC_ISA_USAGE = YES_ERROR;
				CLANG_WARN_DOCUMENTATION_COMMENTS = YES;
				CLANG_WARN_EMPTY_BODY = YES;
				CLANG_WARN_ENUM_CONVERSION = YES;
				CLANG_WARN_INFINITE_RECURSION = YES;
				CLANG_WARN_INT_CONVERSION = YES;
				CLANG_WARN_NON_LITERAL_NULL_CONVERSION = YES;
				CLANG_WARN_OBJC_IMPLICIT_RETAIN_SELF = YES;
				CLANG_WARN_OBJC_LITERAL_CONVERSION = YES;
				CLANG_WARN_OBJC_ROOT_CLASS = YES_ERROR;
				CLANG_WARN_QUOTED_INCLUDE_IN_FRAMEWORK_HEADER = YES;
				CLANG_WARN_RANGE_LOOP_ANALYSIS = YES;
				CLANG_WARN_STRICT_PROTOTYPES = YES;
				CLANG_WARN_SUSPICIOUS_MOVE = YES;
				CLANG_WARN_UNGUARDED_AVAILABILITY = YES_AGGRESSIVE;
				CLANG_WARN_UNREACHABLE_CODE = YES;
				CLANG_WARN__DUPLICATE_METHOD_MATCH = YES;
				COPY_PHASE_STRIP = NO;
				DEBUG_INFORMATION_FORMAT = dwarf;
				ENABLE_STRICT_OBJC_MSGSEND = YES;
				ENABLE_TESTABILITY = YES;
				GCC_C_LANGUAGE_STANDARD = gnu11;
				GCC_DYNAMIC_NO_PIC = NO;
				GCC_NO_COMMON_BLOCKS = YES;
				GCC_OPTIMIZATION_LEVEL = 0;
				GCC_PREPROCESSOR_DEFINITIONS = (
					"DEBUG=1",
					"$(inherited)",
				);
				GCC_WARN_64_TO_32_BIT_CONVERSION = YES;
				GCC_WARN_ABOUT_RETURN_TYPE = YES_ERROR;
				GCC_WARN_UNDECLARED_SELECTOR = YES;
				GCC_WARN_UNINITIALIZED_AUTOS = YES_AGGRESSIVE;
				GCC_WARN_UNUSED_FUNCTION = YES;
				GCC_WARN_UNUSED_VARIABLE = YES;
				IPHONEOS_DEPLOYMENT_TARGET = 14.5;
				MTL_ENABLE_DEBUG_INFO = INCLUDE_SOURCE;
				MTL_FAST_MATH = YES;
				ONLY_ACTIVE_ARCH = YES;
				SDKROOT = iphoneos;
				SWIFT_ACTIVE_COMPILATION_CONDITIONS = DEBUG;
				SWIFT_OPTIMIZATION_LEVEL = "-Onone";
			};
			name = Debug;
		};
		D46ED8F926BB61330087285F /* Release */ = {
			isa = XCBuildConfiguration;
			buildSettings = {
				ALWAYS_SEARCH_USER_PATHS = NO;
				CLANG_ANALYZER_NONNULL = YES;
				CLANG_ANALYZER_NUMBER_OBJECT_CONVERSION = YES_AGGRESSIVE;
				CLANG_CXX_LANGUAGE_STANDARD = "gnu++14";
				CLANG_CXX_LIBRARY = "libc++";
				CLANG_ENABLE_MODULES = YES;
				CLANG_ENABLE_OBJC_ARC = YES;
				CLANG_ENABLE_OBJC_WEAK = YES;
				CLANG_WARN_BLOCK_CAPTURE_AUTORELEASING = YES;
				CLANG_WARN_BOOL_CONVERSION = YES;
				CLANG_WARN_COMMA = YES;
				CLANG_WARN_CONSTANT_CONVERSION = YES;
				CLANG_WARN_DEPRECATED_OBJC_IMPLEMENTATIONS = YES;
				CLANG_WARN_DIRECT_OBJC_ISA_USAGE = YES_ERROR;
				CLANG_WARN_DOCUMENTATION_COMMENTS = YES;
				CLANG_WARN_EMPTY_BODY = YES;
				CLANG_WARN_ENUM_CONVERSION = YES;
				CLANG_WARN_INFINITE_RECURSION = YES;
				CLANG_WARN_INT_CONVERSION = YES;
				CLANG_WARN_NON_LITERAL_NULL_CONVERSION = YES;
				CLANG_WARN_OBJC_IMPLICIT_RETAIN_SELF = YES;
				CLANG_WARN_OBJC_LITERAL_CONVERSION = YES;
				CLANG_WARN_OBJC_ROOT_CLASS = YES_ERROR;
				CLANG_WARN_QUOTED_INCLUDE_IN_FRAMEWORK_HEADER = YES;
				CLANG_WARN_RANGE_LOOP_ANALYSIS = YES;
				CLANG_WARN_STRICT_PROTOTYPES = YES;
				CLANG_WARN_SUSPICIOUS_MOVE = YES;
				CLANG_WARN_UNGUARDED_AVAILABILITY = YES_AGGRESSIVE;
				CLANG_WARN_UNREACHABLE_CODE = YES;
				CLANG_WARN__DUPLICATE_METHOD_MATCH = YES;
				COPY_PHASE_STRIP = NO;
				DEBUG_INFORMATION_FORMAT = "dwarf-with-dsym";
				ENABLE_NS_ASSERTIONS = NO;
				ENABLE_STRICT_OBJC_MSGSEND = YES;
				GCC_C_LANGUAGE_STANDARD = gnu11;
				GCC_NO_COMMON_BLOCKS = YES;
				GCC_WARN_64_TO_32_BIT_CONVERSION = YES;
				GCC_WARN_ABOUT_RETURN_TYPE = YES_ERROR;
				GCC_WARN_UNDECLARED_SELECTOR = YES;
				GCC_WARN_UNINITIALIZED_AUTOS = YES_AGGRESSIVE;
				GCC_WARN_UNUSED_FUNCTION = YES;
				GCC_WARN_UNUSED_VARIABLE = YES;
				IPHONEOS_DEPLOYMENT_TARGET = 14.5;
				MTL_ENABLE_DEBUG_INFO = NO;
				MTL_FAST_MATH = YES;
				SDKROOT = iphoneos;
				SWIFT_COMPILATION_MODE = wholemodule;
				SWIFT_OPTIMIZATION_LEVEL = "-O";
				VALIDATE_PRODUCT = YES;
			};
			name = Release;
		};
		D46ED8FB26BB61330087285F /* Debug */ = {
			isa = XCBuildConfiguration;
			buildSettings = {
				ASSETCATALOG_COMPILER_APPICON_NAME = AppIcon;
				ASSETCATALOG_COMPILER_GLOBAL_ACCENT_COLOR_NAME = AccentColor;
				CODE_SIGN_STYLE = Automatic;
				INFOPLIST_FILE = Prework/Info.plist;
				LD_RUNPATH_SEARCH_PATHS = (
					"$(inherited)",
					"@executable_path/Frameworks",
				);
				PRODUCT_BUNDLE_IDENTIFIER = memo.com.Prework;
				PRODUCT_NAME = "$(TARGET_NAME)";
				SWIFT_VERSION = 5.0;
				TARGETED_DEVICE_FAMILY = "1,2";
			};
			name = Debug;
		};
		D46ED8FC26BB61330087285F /* Release */ = {
			isa = XCBuildConfiguration;
			buildSettings = {
				ASSETCATALOG_COMPILER_APPICON_NAME = AppIcon;
				ASSETCATALOG_COMPILER_GLOBAL_ACCENT_COLOR_NAME = AccentColor;
				CODE_SIGN_STYLE = Automatic;
				INFOPLIST_FILE = Prework/Info.plist;
				LD_RUNPATH_SEARCH_PATHS = (
					"$(inherited)",
					"@executable_path/Frameworks",
				);
				PRODUCT_BUNDLE_IDENTIFIER = memo.com.Prework;
				PRODUCT_NAME = "$(TARGET_NAME)";
				SWIFT_VERSION = 5.0;
				TARGETED_DEVICE_FAMILY = "1,2";
			};
			name = Release;
		};
		D46ED8FE26BB61330087285F /* Debug */ = {
			isa = XCBuildConfiguration;
			buildSettings = {
				ALWAYS_EMBED_SWIFT_STANDARD_LIBRARIES = YES;
				BUNDLE_LOADER = "$(TEST_HOST)";
				CODE_SIGN_STYLE = Automatic;
				INFOPLIST_FILE = PreworkTests/Info.plist;
				IPHONEOS_DEPLOYMENT_TARGET = 14.5;
				LD_RUNPATH_SEARCH_PATHS = (
					"$(inherited)",
					"@executable_path/Frameworks",
					"@loader_path/Frameworks",
				);
				PRODUCT_BUNDLE_IDENTIFIER = memo.com.PreworkTests;
				PRODUCT_NAME = "$(TARGET_NAME)";
				SWIFT_VERSION = 5.0;
				TARGETED_DEVICE_FAMILY = "1,2";
				TEST_HOST = "$(BUILT_PRODUCTS_DIR)/Prework.app/Prework";
			};
			name = Debug;
		};
		D46ED8FF26BB61330087285F /* Release */ = {
			isa = XCBuildConfiguration;
			buildSettings = {
				ALWAYS_EMBED_SWIFT_STANDARD_LIBRARIES = YES;
				BUNDLE_LOADER = "$(TEST_HOST)";
				CODE_SIGN_STYLE = Automatic;
				INFOPLIST_FILE = PreworkTests/Info.plist;
				IPHONEOS_DEPLOYMENT_TARGET = 14.5;
				LD_RUNPATH_SEARCH_PATHS = (
					"$(inherited)",
					"@executable_path/Frameworks",
					"@loader_path/Frameworks",
				);
				PRODUCT_BUNDLE_IDENTIFIER = memo.com.PreworkTests;
				PRODUCT_NAME = "$(TARGET_NAME)";
				SWIFT_VERSION = 5.0;
				TARGETED_DEVICE_FAMILY = "1,2";
				TEST_HOST = "$(BUILT_PRODUCTS_DIR)/Prework.app/Prework";
			};
			name = Release;
		};
		D46ED90126BB61330087285F /* Debug */ = {
			isa = XCBuildConfiguration;
			buildSettings = {
				ALWAYS_EMBED_SWIFT_STANDARD_LIBRARIES = YES;
				CODE_SIGN_STYLE = Automatic;
				INFOPLIST_FILE = PreworkUITests/Info.plist;
				LD_RUNPATH_SEARCH_PATHS = (
					"$(inherited)",
					"@executable_path/Frameworks",
					"@loader_path/Frameworks",
				);
				PRODUCT_BUNDLE_IDENTIFIER = memo.com.PreworkUITests;
				PRODUCT_NAME = "$(TARGET_NAME)";
				SWIFT_VERSION = 5.0;
				TARGETED_DEVICE_FAMILY = "1,2";
				TEST_TARGET_NAME = Prework;
			};
			name = Debug;
		};
		D46ED90226BB61330087285F /* Release */ = {
			isa = XCBuildConfiguration;
			buildSettings = {
				ALWAYS_EMBED_SWIFT_STANDARD_LIBRARIES = YES;
				CODE_SIGN_STYLE = Automatic;
				INFOPLIST_FILE = PreworkUITests/Info.plist;
				LD_RUNPATH_SEARCH_PATHS = (
					"$(inherited)",
					"@executable_path/Frameworks",
					"@loader_path/Frameworks",
				);
				PRODUCT_BUNDLE_IDENTIFIER = memo.com.PreworkUITests;
				PRODUCT_NAME = "$(TARGET_NAME)";
				SWIFT_VERSION = 5.0;
				TARGETED_DEVICE_FAMILY = "1,2";
				TEST_TARGET_NAME = Prework;
			};
			name = Release;
		};
/* End XCBuildConfiguration section */

/* Begin XCConfigurationList section */
		D46ED8CB26BB61260087285F /* Build configuration list for PBXProject "Prework" */ = {
			isa = XCConfigurationList;
			buildConfigurations = (
				D46ED8F826BB61330087285F /* Debug */,
				D46ED8F926BB61330087285F /* Release */,
			);
			defaultConfigurationIsVisible = 0;
			defaultConfigurationName = Release;
		};
		D46ED8FA26BB61330087285F /* Build configuration list for PBXNativeTarget "Prework" */ = {
			isa = XCConfigurationList;
			buildConfigurations = (
				D46ED8FB26BB61330087285F /* Debug */,
				D46ED8FC26BB61330087285F /* Release */,
			);
			defaultConfigurationIsVisible = 0;
			defaultConfigurationName = Release;
		};
		D46ED8FD26BB61330087285F /* Build configuration list for PBXNativeTarget "PreworkTests" */ = {
			isa = XCConfigurationList;
			buildConfigurations = (
				D46ED8FE26BB61330087285F /* Debug */,
				D46ED8FF26BB61330087285F /* Release */,
			);
			defaultConfigurationIsVisible = 0;
			defaultConfigurationName = Release;
		};
		D46ED90026BB61330087285F /* Build configuration list for PBXNativeTarget "PreworkUITests" */ = {
			isa = XCConfigurationList;
			buildConfigurations = (
				D46ED90126BB61330087285F /* Debug */,
				D46ED90226BB61330087285F /* Release */,
			);
			defaultConfigurationIsVisible = 0;
			defaultConfigurationName = Release;
		};
/* End XCConfigurationList section */
	};
	rootObject = D46ED8C826BB61260087285F /* Project object */;
}
